
Microsoft Visual Studio Solution File, Format Version 12.00
# Visual Studio Version 17
VisualStudioVersion = 17.0.31521.260
MinimumVisualStudioVersion = 10.0.40219.1
Project("{FAE04EC0-301F-11D3-BF4B-00C04F79EFBC}") = "SampleWebApp", "SampleWebApp\SampleWebApp.csproj", "{3A803DBB-BC58-4667-A5C6-891914FDA87C}"
EndProject
Global
	GlobalSection(SolutionConfigurationPlatforms) = preSolution
		Debug|Any CPU = Debug|Any CPU
		Release|Any CPU = Release|Any CPU
	EndGlobalSection
	GlobalSection(ProjectConfigurationPlatforms) = postSolution
		{3A803DBB-BC58-4667-A5C6-891914FDA87C}.Debug|Any CPU.ActiveCfg = Debug|Any CPU
		{3A803DBB-BC58-4667-A5C6-891914FDA87C}.Debug|Any CPU.Build.0 = Debug|Any CPU
		{3A803DBB-BC58-4667-A5C6-891914FDA87C}.Release|Any CPU.ActiveCfg = Release|Any CPU
		{3A803DBB-BC58-4667-A5C6-891914FDA87C}.Release|Any CPU.Build.0 = Release|Any CPU
	EndGlobalSection
	GlobalSection(SolutionProperties) = preSolution
		HideSolutionNode = FALSE
	EndGlobalSection
	GlobalSection(ExtensibilityGlobals) = postSolution
		SolutionGuid = {F7DCCD4B-6D90-4017-BBE4-58BBED28A61E}
	EndGlobalSection
EndGlobal
